{
  "name": "2hat-classify-text-sdk",
  "version": "1.0.0",
  "lockfileVersion": 1,
  "requires": true,
  "dependencies": {
    "@angular/common": {
      "version": "9.0.6",
      "resolved": "https://registry.npmjs.org/@angular/common/-/common-9.0.6.tgz",
      "integrity": "sha512-z+c+zmoZTOQ2fT2sFQpHhpUbIYtjerxYmdOVpukprZCuv9WT2SGJfu4QVGSkeqejYnMp6VtXMdQ1CeAQojj0sw==",
      "dev": true
    },
    "@angular/core": {
      "version": "9.0.6",
      "resolved": "https://registry.npmjs.org/@angular/core/-/core-9.0.6.tgz",
      "integrity": "sha512-egpVGqqI+L1QQFn9ziHIElXb0bCzY1l8vzyQGfm2KnxHpmx2TJp2uaaHh5LRcqYR7TLeGMpqmzhRxir6Up7AAQ==",
      "dev": true
    },
    "@types/node": {
      "version": "13.9.1",
      "resolved": "https://registry.npmjs.org/@types/node/-/node-13.9.1.tgz",
      "integrity": "sha512-E6M6N0blf/jiZx8Q3nb0vNaswQeEyn0XlupO+xN6DtJ6r6IT4nXrTry7zhIfYvFCl3/8Cu6WIysmUBKiqV0bqQ==",
      "dev": true
    },
    "rxjs": {
      "version": "6.5.4",
      "resolved": "https://registry.npmjs.org/rxjs/-/rxjs-6.5.4.tgz",
      "integrity": "sha512-naMQXcgEo3csAEGvw/NydRA0fuS2nDZJiw1YUWFKU7aPPAPGZEsD4Iimit96qwCieH6y614MCLYwdkrWx7z/7Q==",
      "dev": true,
      "requires": {
        "tslib": "^1.9.0"
      }
    },
    "tslib": {
      "version": "1.11.1",
      "resolved": "https://registry.npmjs.org/tslib/-/tslib-1.11.1.tgz",
      "integrity": "sha512-aZW88SY8kQbU7gpV19lN24LtXh/yD4ZZg6qieAJDDg+YBsJcSmLGK9QpnUjAKVG/xefmvJGd1WUmfpT/g6AJGA==",
      "dev": true
    },
    "typescript": {
      "version": "3.8.3",
      "resolved": "https://registry.npmjs.org/typescript/-/typescript-3.8.3.tgz",
      "integrity": "sha512-MYlEfn5VrLNsgudQTVJeNaQFUAI7DkhnOjdpAp4T+ku1TfQClewlbSuTVHiA+8skNBgaf02TL/kLOvig4y3G8w==",
      "dev": true
    }
  }
}
